// !$*UTF8*$!
{
	archiveVersion = 1;
	classes = {
	};
	objectVersion = 55;
	objects = {

/* Begin PBXBuildFile section */
		C277EA06C3B7D829ACC83B66 /* Pods_KerdoIndexTRAINER.framework in Frameworks */ = {isa = PBXBuildFile; fileRef = ABDCA497C7F4E9CE38EDAA50 /* Pods_KerdoIndexTRAINER.framework */; };
		C56B57D62937B0D300678C16 /* AppDelegate.swift in Sources */ = {isa = PBXBuildFile; fileRef = C56B57D52937B0D300678C16 /* AppDelegate.swift */; };
		C56B57D82937B0D300678C16 /* SceneDelegate.swift in Sources */ = {isa = PBXBuildFile; fileRef = C56B57D72937B0D300678C16 /* SceneDelegate.swift */; };
		C56B57DD2937B0D300678C16 /* Main.storyboard in Resources */ = {isa = PBXBuildFile; fileRef = C56B57DB2937B0D300678C16 /* Main.storyboard */; };
		C56B57E02937B0D300678C16 /* KerdoIndexTRAINER.xcdatamodeld in Sources */ = {isa = PBXBuildFile; fileRef = C56B57DE2937B0D300678C16 /* KerdoIndexTRAINER.xcdatamodeld */; };
		C56B57E22937B0D400678C16 /* Assets.xcassets in Resources */ = {isa = PBXBuildFile; fileRef = C56B57E12937B0D400678C16 /* Assets.xcassets */; };
		C56B57E52937B0D400678C16 /* LaunchScreen.storyboard in Resources */ = {isa = PBXBuildFile; fileRef = C56B57E32937B0D400678C16 /* LaunchScreen.storyboard */; };
		C56B57ED2937C42900678C16 /* MainViewController.swift in Sources */ = {isa = PBXBuildFile; fileRef = C56B57EC2937C42900678C16 /* MainViewController.swift */; };
		C56B57EF2937C67100678C16 /* NameSportmanCell.swift in Sources */ = {isa = PBXBuildFile; fileRef = C56B57EE2937C67100678C16 /* NameSportmanCell.swift */; };
		C56B57F12937D6DB00678C16 /* ProfileViewController.swift in Sources */ = {isa = PBXBuildFile; fileRef = C56B57F02937D6DB00678C16 /* ProfileViewController.swift */; };
		C56B57F32937D9E800678C16 /* AddSportsmanViewController.swift in Sources */ = {isa = PBXBuildFile; fileRef = C56B57F22937D9E800678C16 /* AddSportsmanViewController.swift */; };
		C574D4A6298938DE006C5370 /* Localizable.strings in Resources */ = {isa = PBXBuildFile; fileRef = C574D4A8298938DE006C5370 /* Localizable.strings */; };
		C579D51129F2A6A200AF4EA0 /* sha256.swift in Sources */ = {isa = PBXBuildFile; fileRef = C579D51029F2A6A200AF4EA0 /* sha256.swift */; };
		C57E909C2962E24500C09750 /* UserDefaultsManager.swift in Sources */ = {isa = PBXBuildFile; fileRef = C57E909B2962E24500C09750 /* UserDefaultsManager.swift */; };
		C57E90A02962E3C300C09750 /* ReachabilityJob.swift in Sources */ = {isa = PBXBuildFile; fileRef = C57E909F2962E3C300C09750 /* ReachabilityJob.swift */; };
		C57E90A62962EA1500C09750 /* AboutKerdoIndexViewController.swift in Sources */ = {isa = PBXBuildFile; fileRef = C57E90A52962EA1500C09750 /* AboutKerdoIndexViewController.swift */; };
		C580613A29E43D6000727C15 /* JsonStructure.swift in Sources */ = {isa = PBXBuildFile; fileRef = C580613929E43D6000727C15 /* JsonStructure.swift */; };
		C580613C29E43D7E00727C15 /* MeasureNew.swift in Sources */ = {isa = PBXBuildFile; fileRef = C580613B29E43D7E00727C15 /* MeasureNew.swift */; };
		C580613E29E43D9E00727C15 /* MeasureJsonManager.swift in Sources */ = {isa = PBXBuildFile; fileRef = C580613D29E43D9E00727C15 /* MeasureJsonManager.swift */; };
		C580614029E43DDB00727C15 /* User.swift in Sources */ = {isa = PBXBuildFile; fileRef = C580613F29E43DDB00727C15 /* User.swift */; };
		C580614229E4411800727C15 /* FireBaseAuthManager.swift in Sources */ = {isa = PBXBuildFile; fileRef = C580614129E4411800727C15 /* FireBaseAuthManager.swift */; };
		C580614429E4447100727C15 /* GoogleService-Info.plist in Resources */ = {isa = PBXBuildFile; fileRef = C580614329E4447100727C15 /* GoogleService-Info.plist */; };
		C580614629E445B300727C15 /* FireBaseCloudManager.swift in Sources */ = {isa = PBXBuildFile; fileRef = C580614529E445B300727C15 /* FireBaseCloudManager.swift */; };
		C58B3D672938FBD700FA8EA5 /* DetailsSportsmanViewController.swift in Sources */ = {isa = PBXBuildFile; fileRef = C58B3D662938FBD700FA8EA5 /* DetailsSportsmanViewController.swift */; };
/* End PBXBuildFile section */

/* Begin PBXFileReference section */
		1B92AE122A1C64B242EC073A /* Pods-KerdoIndexTRAINER.release.xcconfig */ = {isa = PBXFileReference; includeInIndex = 1; lastKnownFileType = text.xcconfig; name = "Pods-KerdoIndexTRAINER.release.xcconfig"; path = "Target Support Files/Pods-KerdoIndexTRAINER/Pods-KerdoIndexTRAINER.release.xcconfig"; sourceTree = "<group>"; };
		6B0D0241B0A116E88E8F909F /* Pods-KerdoIndexTRAINER.debug.xcconfig */ = {isa = PBXFileReference; includeInIndex = 1; lastKnownFileType = text.xcconfig; name = "Pods-KerdoIndexTRAINER.debug.xcconfig"; path = "Target Support Files/Pods-KerdoIndexTRAINER/Pods-KerdoIndexTRAINER.debug.xcconfig"; sourceTree = "<group>"; };
		ABDCA497C7F4E9CE38EDAA50 /* Pods_KerdoIndexTRAINER.framework */ = {isa = PBXFileReference; explicitFileType = wrapper.framework; includeInIndex = 0; path = Pods_KerdoIndexTRAINER.framework; sourceTree = BUILT_PRODUCTS_DIR; };
		C56B57D22937B0D300678C16 /* KerdoIndexTRAINER.app */ = {isa = PBXFileReference; explicitFileType = wrapper.application; includeInIndex = 0; path = KerdoIndexTRAINER.app; sourceTree = BUILT_PRODUCTS_DIR; };
		C56B57D52937B0D300678C16 /* AppDelegate.swift */ = {isa = PBXFileReference; lastKnownFileType = sourcecode.swift; path = AppDelegate.swift; sourceTree = "<group>"; };
		C56B57D72937B0D300678C16 /* SceneDelegate.swift */ = {isa = PBXFileReference; lastKnownFileType = sourcecode.swift; path = SceneDelegate.swift; sourceTree = "<group>"; };
		C56B57DC2937B0D300678C16 /* Base */ = {isa = PBXFileReference; lastKnownFileType = file.storyboard; name = Base; path = Base.lproj/Main.storyboard; sourceTree = "<group>"; };
		C56B57DF2937B0D300678C16 /* KerdoIndexTRAINER.xcdatamodel */ = {isa = PBXFileReference; lastKnownFileType = wrapper.xcdatamodel; path = KerdoIndexTRAINER.xcdatamodel; sourceTree = "<group>"; };
		C56B57E12937B0D400678C16 /* Assets.xcassets */ = {isa = PBXFileReference; lastKnownFileType = folder.assetcatalog; path = Assets.xcassets; sourceTree = "<group>"; };
		C56B57E42937B0D400678C16 /* Base */ = {isa = PBXFileReference; lastKnownFileType = file.storyboard; name = Base; path = Base.lproj/LaunchScreen.storyboard; sourceTree = "<group>"; };
		C56B57E62937B0D400678C16 /* Info.plist */ = {isa = PBXFileReference; lastKnownFileType = text.plist.xml; path = Info.plist; sourceTree = "<group>"; };
		C56B57EC2937C42900678C16 /* MainViewController.swift */ = {isa = PBXFileReference; lastKnownFileType = sourcecode.swift; path = MainViewController.swift; sourceTree = "<group>"; };
		C56B57EE2937C67100678C16 /* NameSportmanCell.swift */ = {isa = PBXFileReference; lastKnownFileType = sourcecode.swift; path = NameSportmanCell.swift; sourceTree = "<group>"; };
		C56B57F02937D6DB00678C16 /* ProfileViewController.swift */ = {isa = PBXFileReference; lastKnownFileType = sourcecode.swift; path = ProfileViewController.swift; sourceTree = "<group>"; };
		C56B57F22937D9E800678C16 /* AddSportsmanViewController.swift */ = {isa = PBXFileReference; lastKnownFileType = sourcecode.swift; path = AddSportsmanViewController.swift; sourceTree = "<group>"; };
		C574D4A2298933C2006C5370 /* ru */ = {isa = PBXFileReference; lastKnownFileType = text.plist.strings; name = ru; path = ru.lproj/Main.strings; sourceTree = "<group>"; };
		C574D4A3298933C2006C5370 /* ru */ = {isa = PBXFileReference; lastKnownFileType = text.plist.strings; name = ru; path = ru.lproj/LaunchScreen.strings; sourceTree = "<group>"; };
		C574D4A7298938DE006C5370 /* en */ = {isa = PBXFileReference; lastKnownFileType = text.plist.strings; name = en; path = en.lproj/Localizable.strings; sourceTree = "<group>"; };
		C574D4A9298938E2006C5370 /* ru */ = {isa = PBXFileReference; lastKnownFileType = text.plist.strings; name = ru; path = ru.lproj/Localizable.strings; sourceTree = "<group>"; };
		C579D51029F2A6A200AF4EA0 /* sha256.swift */ = {isa = PBXFileReference; lastKnownFileType = sourcecode.swift; path = sha256.swift; sourceTree = "<group>"; };
		C57E909B2962E24500C09750 /* UserDefaultsManager.swift */ = {isa = PBXFileReference; lastKnownFileType = sourcecode.swift; path = UserDefaultsManager.swift; sourceTree = "<group>"; };
		C57E909F2962E3C300C09750 /* ReachabilityJob.swift */ = {isa = PBXFileReference; lastKnownFileType = sourcecode.swift; path = ReachabilityJob.swift; sourceTree = "<group>"; };
		C57E90A52962EA1500C09750 /* AboutKerdoIndexViewController.swift */ = {isa = PBXFileReference; lastKnownFileType = sourcecode.swift; path = AboutKerdoIndexViewController.swift; sourceTree = "<group>"; };
		C580613929E43D6000727C15 /* JsonStructure.swift */ = {isa = PBXFileReference; lastKnownFileType = sourcecode.swift; path = JsonStructure.swift; sourceTree = "<group>"; };
		C580613B29E43D7E00727C15 /* MeasureNew.swift */ = {isa = PBXFileReference; lastKnownFileType = sourcecode.swift; path = MeasureNew.swift; sourceTree = "<group>"; };
		C580613D29E43D9E00727C15 /* MeasureJsonManager.swift */ = {isa = PBXFileReference; lastKnownFileType = sourcecode.swift; path = MeasureJsonManager.swift; sourceTree = "<group>"; };
		C580613F29E43DDB00727C15 /* User.swift */ = {isa = PBXFileReference; lastKnownFileType = sourcecode.swift; path = User.swift; sourceTree = "<group>"; };
		C580614129E4411800727C15 /* FireBaseAuthManager.swift */ = {isa = PBXFileReference; lastKnownFileType = sourcecode.swift; path = FireBaseAuthManager.swift; sourceTree = "<group>"; };
		C580614329E4447100727C15 /* GoogleService-Info.plist */ = {isa = PBXFileReference; fileEncoding = 4; lastKnownFileType = text.plist.xml; path = "GoogleService-Info.plist"; sourceTree = "<group>"; };
		C580614529E445B300727C15 /* FireBaseCloudManager.swift */ = {isa = PBXFileReference; lastKnownFileType = sourcecode.swift; path = FireBaseCloudManager.swift; sourceTree = "<group>"; };
		C58B3D662938FBD700FA8EA5 /* DetailsSportsmanViewController.swift */ = {isa = PBXFileReference; lastKnownFileType = sourcecode.swift; path = DetailsSportsmanViewController.swift; sourceTree = "<group>"; };
/* End PBXFileReference section */

/* Begin PBXFrameworksBuildPhase section */
		C56B57CF2937B0D300678C16 /* Frameworks */ = {
			isa = PBXFrameworksBuildPhase;
			buildActionMask = 2147483647;
			files = (
				C277EA06C3B7D829ACC83B66 /* Pods_KerdoIndexTRAINER.framework in Frameworks */,
			);
			runOnlyForDeploymentPostprocessing = 0;
		};
/* End PBXFrameworksBuildPhase section */

/* Begin PBXGroup section */
		97C0B8D962EA9F1895DA2F73 /* Pods */ = {
			isa = PBXGroup;
			children = (
				6B0D0241B0A116E88E8F909F /* Pods-KerdoIndexTRAINER.debug.xcconfig */,
				1B92AE122A1C64B242EC073A /* Pods-KerdoIndexTRAINER.release.xcconfig */,
			);
			path = Pods;
			sourceTree = "<group>";
		};
		B2EC876E0DB578AA55379015 /* Frameworks */ = {
			isa = PBXGroup;
			children = (
				ABDCA497C7F4E9CE38EDAA50 /* Pods_KerdoIndexTRAINER.framework */,
			);
			name = Frameworks;
			sourceTree = "<group>";
		};
		C56B57C92937B0D300678C16 = {
			isa = PBXGroup;
			children = (
				C56B57D52937B0D300678C16 /* AppDelegate.swift */,
				C56B57D72937B0D300678C16 /* SceneDelegate.swift */,
				C56B57D42937B0D300678C16 /* KerdoIndexTRAINER */,
				C56B57D32937B0D300678C16 /* Products */,
				97C0B8D962EA9F1895DA2F73 /* Pods */,
				B2EC876E0DB578AA55379015 /* Frameworks */,
			);
			sourceTree = "<group>";
		};
		C56B57D32937B0D300678C16 /* Products */ = {
			isa = PBXGroup;
			children = (
				C56B57D22937B0D300678C16 /* KerdoIndexTRAINER.app */,
			);
			name = Products;
			sourceTree = "<group>";
		};
		C56B57D42937B0D300678C16 /* KerdoIndexTRAINER */ = {
			isa = PBXGroup;
			children = (
				C57E90992962DE5D00C09750 /* fireBaseManagers */,
				C57E90972962DE3D00C09750 /* model */,
				C57E90982962DE4D00C09750 /* viewControllers */,
				C56B57E12937B0D400678C16 /* Assets.xcassets */,
				C580614329E4447100727C15 /* GoogleService-Info.plist */,
				C56B57E62937B0D400678C16 /* Info.plist */,
				C574D4A8298938DE006C5370 /* Localizable.strings */,
			);
			path = KerdoIndexTRAINER;
			sourceTree = "<group>";
		};
		C57E90972962DE3D00C09750 /* model */ = {
			isa = PBXGroup;
			children = (
				C580613929E43D6000727C15 /* JsonStructure.swift */,
				C580613B29E43D7E00727C15 /* MeasureNew.swift */,
				C580613D29E43D9E00727C15 /* MeasureJsonManager.swift */,
				C57E909B2962E24500C09750 /* UserDefaultsManager.swift */,
				C580613F29E43DDB00727C15 /* User.swift */,
				C56B57DE2937B0D300678C16 /* KerdoIndexTRAINER.xcdatamodeld */,
				C579D51029F2A6A200AF4EA0 /* sha256.swift */,
			);
			path = model;
			sourceTree = "<group>";
		};
		C57E90982962DE4D00C09750 /* viewControllers */ = {
			isa = PBXGroup;
			children = (
				C56B57DB2937B0D300678C16 /* Main.storyboard */,
				C56B57E32937B0D400678C16 /* LaunchScreen.storyboard */,
				C56B57EC2937C42900678C16 /* MainViewController.swift */,
				C56B57EE2937C67100678C16 /* NameSportmanCell.swift */,
				C56B57F02937D6DB00678C16 /* ProfileViewController.swift */,
				C57E90A52962EA1500C09750 /* AboutKerdoIndexViewController.swift */,
				C56B57F22937D9E800678C16 /* AddSportsmanViewController.swift */,
				C58B3D662938FBD700FA8EA5 /* DetailsSportsmanViewController.swift */,
			);
			path = viewControllers;
			sourceTree = "<group>";
		};
		C57E90992962DE5D00C09750 /* fireBaseManagers */ = {
			isa = PBXGroup;
			children = (
				C57E909F2962E3C300C09750 /* ReachabilityJob.swift */,
				C580614129E4411800727C15 /* FireBaseAuthManager.swift */,
				C580614529E445B300727C15 /* FireBaseCloudManager.swift */,
			);
			path = fireBaseManagers;
			sourceTree = "<group>";
		};
/* End PBXGroup section */

/* Begin PBXNativeTarget section */
		C56B57D12937B0D300678C16 /* KerdoIndexTRAINER */ = {
			isa = PBXNativeTarget;
			buildConfigurationList = C56B57E92937B0D400678C16 /* Build configuration list for PBXNativeTarget "KerdoIndexTRAINER" */;
			buildPhases = (
				32BBD44ACC866FFF60C0294E /* [CP] Check Pods Manifest.lock */,
				C56B57CE2937B0D300678C16 /* Sources */,
				C56B57CF2937B0D300678C16 /* Frameworks */,
				C56B57D02937B0D300678C16 /* Resources */,
				B0CF3326486C4E0C2B03C1EE /* [CP] Embed Pods Frameworks */,
			);
			buildRules = (
			);
			dependencies = (
			);
			name = KerdoIndexTRAINER;
			productName = KerdoIndexTRAINER;
			productReference = C56B57D22937B0D300678C16 /* KerdoIndexTRAINER.app */;
			productType = "com.apple.product-type.application";
		};
/* End PBXNativeTarget section */

/* Begin PBXProject section */
		C56B57CA2937B0D300678C16 /* Project object */ = {
			isa = PBXProject;
			attributes = {
				BuildIndependentTargetsInParallel = 1;
				LastSwiftUpdateCheck = 1410;
				LastUpgradeCheck = 1410;
				TargetAttributes = {
					C56B57D12937B0D300678C16 = {
						CreatedOnToolsVersion = 14.1;
					};
				};
			};
			buildConfigurationList = C56B57CD2937B0D300678C16 /* Build configuration list for PBXProject "KerdoIndexTRAINER" */;
			compatibilityVersion = "Xcode 13.0";
			developmentRegion = en;
			hasScannedForEncodings = 0;
			knownRegions = (
				en,
				Base,
				ru,
			);
			mainGroup = C56B57C92937B0D300678C16;
			productRefGroup = C56B57D32937B0D300678C16 /* Products */;
			projectDirPath = "";
			projectRoot = "";
			targets = (
				C56B57D12937B0D300678C16 /* KerdoIndexTRAINER */,
			);
		};
/* End PBXProject section */

/* Begin PBXResourcesBuildPhase section */
		C56B57D02937B0D300678C16 /* Resources */ = {
			isa = PBXResourcesBuildPhase;
			buildActionMask = 2147483647;
			files = (
				C574D4A6298938DE006C5370 /* Localizable.strings in Resources */,
				C56B57E52937B0D400678C16 /* LaunchScreen.storyboard in Resources */,
				C580614429E4447100727C15 /* GoogleService-Info.plist in Resources */,
				C56B57E22937B0D400678C16 /* Assets.xcassets in Resources */,
				C56B57DD2937B0D300678C16 /* Main.storyboard in Resources */,
			);
			runOnlyForDeploymentPostprocessing = 0;
		};
/* End PBXResourcesBuildPhase section */

/* Begin PBXShellScriptBuildPhase section */
		32BBD44ACC866FFF60C0294E /* [CP] Check Pods Manifest.lock */ = {
			isa = PBXShellScriptBuildPhase;
			buildActionMask = 2147483647;
			files = (
			);
			inputFileListPaths = (
			);
			inputPaths = (
				"${PODS_PODFILE_DIR_PATH}/Podfile.lock",
				"${PODS_ROOT}/Manifest.lock",
			);
			name = "[CP] Check Pods Manifest.lock";
			outputFileListPaths = (
			);
			outputPaths = (
				"$(DERIVED_FILE_DIR)/Pods-KerdoIndexTRAINER-checkManifestLockResult.txt",
			);
			runOnlyForDeploymentPostprocessing = 0;
			shellPath = /bin/sh;
			shellScript = "diff \"${PODS_PODFILE_DIR_PATH}/Podfile.lock\" \"${PODS_ROOT}/Manifest.lock\" > /dev/null\nif [ $? != 0 ] ; then\n    # print error to STDERR\n    echo \"error: The sandbox is not in sync with the Podfile.lock. Run 'pod install' or update your CocoaPods installation.\" >&2\n    exit 1\nfi\n# This output is used by Xcode 'outputs' to avoid re-running this script phase.\necho \"SUCCESS\" > \"${SCRIPT_OUTPUT_FILE_0}\"\n";
			showEnvVarsInLog = 0;
		};
		B0CF3326486C4E0C2B03C1EE /* [CP] Embed Pods Frameworks */ = {
			isa = PBXShellScriptBuildPhase;
			buildActionMask = 2147483647;
			files = (
			);
			inputFileListPaths = (
				"${PODS_ROOT}/Target Support Files/Pods-KerdoIndexTRAINER/Pods-KerdoIndexTRAINER-frameworks-${CONFIGURATION}-input-files.xcfilelist",
			);
			name = "[CP] Embed Pods Frameworks";
			outputFileListPaths = (
				"${PODS_ROOT}/Target Support Files/Pods-KerdoIndexTRAINER/Pods-KerdoIndexTRAINER-frameworks-${CONFIGURATION}-output-files.xcfilelist",
			);
			runOnlyForDeploymentPostprocessing = 0;
			shellPath = /bin/sh;
			shellScript = "\"${PODS_ROOT}/Target Support Files/Pods-KerdoIndexTRAINER/Pods-KerdoIndexTRAINER-frameworks.sh\"\n";
			showEnvVarsInLog = 0;
		};
/* End PBXShellScriptBuildPhase section */

/* Begin PBXSourcesBuildPhase section */
		C56B57CE2937B0D300678C16 /* Sources */ = {
			isa = PBXSourcesBuildPhase;
			buildActionMask = 2147483647;
			files = (
				C579D51129F2A6A200AF4EA0 /* sha256.swift in Sources */,
				C58B3D672938FBD700FA8EA5 /* DetailsSportsmanViewController.swift in Sources */,
				C56B57F12937D6DB00678C16 /* ProfileViewController.swift in Sources */,
				C57E90A62962EA1500C09750 /* AboutKerdoIndexViewController.swift in Sources */,
				C580613C29E43D7E00727C15 /* MeasureNew.swift in Sources */,
				C580614029E43DDB00727C15 /* User.swift in Sources */,
				C56B57E02937B0D300678C16 /* KerdoIndexTRAINER.xcdatamodeld in Sources */,
				C57E909C2962E24500C09750 /* UserDefaultsManager.swift in Sources */,
				C56B57D62937B0D300678C16 /* AppDelegate.swift in Sources */,
				C580613A29E43D6000727C15 /* JsonStructure.swift in Sources */,
				C56B57D82937B0D300678C16 /* SceneDelegate.swift in Sources */,
				C56B57ED2937C42900678C16 /* MainViewController.swift in Sources */,
				C56B57EF2937C67100678C16 /* NameSportmanCell.swift in Sources */,
				C580613E29E43D9E00727C15 /* MeasureJsonManager.swift in Sources */,
				C57E90A02962E3C300C09750 /* ReachabilityJob.swift in Sources */,
				C56B57F32937D9E800678C16 /* AddSportsmanViewController.swift in Sources */,
				C580614629E445B300727C15 /* FireBaseCloudManager.swift in Sources */,
				C580614229E4411800727C15 /* FireBaseAuthManager.swift in Sources */,
			);
			runOnlyForDeploymentPostprocessing = 0;
		};
/* End PBXSourcesBuildPhase section */

/* Begin PBXVariantGroup section */
		C56B57DB2937B0D300678C16 /* Main.storyboard */ = {
			isa = PBXVariantGroup;
			children = (
				C56B57DC2937B0D300678C16 /* Base */,
				C574D4A2298933C2006C5370 /* ru */,
			);
			name = Main.storyboard;
			sourceTree = "<group>";
		};
		C56B57E32937B0D400678C16 /* LaunchScreen.storyboard */ = {
			isa = PBXVariantGroup;
			children = (
				C56B57E42937B0D400678C16 /* Base */,
				C574D4A3298933C2006C5370 /* ru */,
			);
			name = LaunchScreen.storyboard;
			sourceTree = "<group>";
		};
		C574D4A8298938DE006C5370 /* Localizable.strings */ = {
			isa = PBXVariantGroup;
			children = (
				C574D4A7298938DE006C5370 /* en */,
				C574D4A9298938E2006C5370 /* ru */,
			);
			name = Localizable.strings;
			sourceTree = "<group>";
		};
/* End PBXVariantGroup section */

/* Begin XCBuildConfiguration section */
		C56B57E72937B0D400678C16 /* Debug */ = {
			isa = XCBuildConfiguration;
			buildSettings = {
				ALWAYS_SEARCH_USER_PATHS = NO;
				CLANG_ANALYZER_LOCALIZABILITY_NONLOCALIZED = YES;
				CLANG_ANALYZER_NONNULL = YES;
				CLANG_ANALYZER_NUMBER_OBJECT_CONVERSION = YES_AGGRESSIVE;
				CLANG_CXX_LANGUAGE_STANDARD = "gnu++20";
				CLANG_ENABLE_MODULES = YES;
				CLANG_ENABLE_OBJC_ARC = YES;
				CLANG_ENABLE_OBJC_WEAK = YES;
				CLANG_WARN_BLOCK_CAPTURE_AUTORELEASING = YES;
				CLANG_WARN_BOOL_CONVERSION = YES;
				CLANG_WARN_COMMA = YES;
				CLANG_WARN_CONSTANT_CONVERSION = YES;
				CLANG_WARN_DEPRECATED_OBJC_IMPLEMENTATIONS = YES;
				CLANG_WARN_DIRECT_OBJC_ISA_USAGE = YES_ERROR;
				CLANG_WARN_DOCUMENTATION_COMMENTS = YES;
				CLANG_WARN_EMPTY_BODY = YES;
				CLANG_WARN_ENUM_CONVERSION = YES;
				CLANG_WARN_INFINITE_RECURSION = YES;
				CLANG_WARN_INT_CONVERSION = YES;
				CLANG_WARN_NON_LITERAL_NULL_CONVERSION = YES;
				CLANG_WARN_OBJC_IMPLICIT_RETAIN_SELF = YES;
				CLANG_WARN_OBJC_LITERAL_CONVERSION = YES;
				CLANG_WARN_OBJC_ROOT_CLASS = YES_ERROR;
				CLANG_WARN_QUOTED_INCLUDE_IN_FRAMEWORK_HEADER = YES;
				CLANG_WARN_RANGE_LOOP_ANALYSIS = YES;
				CLANG_WARN_STRICT_PROTOTYPES = YES;
				CLANG_WARN_SUSPICIOUS_MOVE = YES;
				CLANG_WARN_UNGUARDED_AVAILABILITY = YES_AGGRESSIVE;
				CLANG_WARN_UNREACHABLE_CODE = YES;
				CLANG_WARN__DUPLICATE_METHOD_MATCH = YES;
				COPY_PHASE_STRIP = NO;
				DEBUG_INFORMATION_FORMAT = dwarf;
				ENABLE_STRICT_OBJC_MSGSEND = YES;
				ENABLE_TESTABILITY = YES;
				GCC_C_LANGUAGE_STANDARD = gnu11;
				GCC_DYNAMIC_NO_PIC = NO;
				GCC_NO_COMMON_BLOCKS = YES;
				GCC_OPTIMIZATION_LEVEL = 0;
				GCC_PREPROCESSOR_DEFINITIONS = (
					"DEBUG=1",
					"$(inherited)",
				);
				GCC_WARN_64_TO_32_BIT_CONVERSION = YES;
				GCC_WARN_ABOUT_RETURN_TYPE = YES_ERROR;
				GCC_WARN_UNDECLARED_SELECTOR = YES;
				GCC_WARN_UNINITIALIZED_AUTOS = YES_AGGRESSIVE;
				GCC_WARN_UNUSED_FUNCTION = YES;
				GCC_WARN_UNUSED_VARIABLE = YES;
				IPHONEOS_DEPLOYMENT_TARGET = 16.1;
				MTL_ENABLE_DEBUG_INFO = INCLUDE_SOURCE;
				MTL_FAST_MATH = YES;
				ONLY_ACTIVE_ARCH = YES;
				SDKROOT = iphoneos;
				SWIFT_ACTIVE_COMPILATION_CONDITIONS = DEBUG;
				SWIFT_OPTIMIZATION_LEVEL = "-Onone";
			};
			name = Debug;
		};
		C56B57E82937B0D400678C16 /* Release */ = {
			isa = XCBuildConfiguration;
			buildSettings = {
				ALWAYS_SEARCH_USER_PATHS = NO;
				CLANG_ANALYZER_LOCALIZABILITY_NONLOCALIZED = YES;
				CLANG_ANALYZER_NONNULL = YES;
				CLANG_ANALYZER_NUMBER_OBJECT_CONVERSION = YES_AGGRESSIVE;
				CLANG_CXX_LANGUAGE_STANDARD = "gnu++20";
				CLANG_ENABLE_MODULES = YES;
				CLANG_ENABLE_OBJC_ARC = YES;
				CLANG_ENABLE_OBJC_WEAK = YES;
				CLANG_WARN_BLOCK_CAPTURE_AUTORELEASING = YES;
				CLANG_WARN_BOOL_CONVERSION = YES;
				CLANG_WARN_COMMA = YES;
				CLANG_WARN_CONSTANT_CONVERSION = YES;
				CLANG_WARN_DEPRECATED_OBJC_IMPLEMENTATIONS = YES;
				CLANG_WARN_DIRECT_OBJC_ISA_USAGE = YES_ERROR;
				CLANG_WARN_DOCUMENTATION_COMMENTS = YES;
				CLANG_WARN_EMPTY_BODY = YES;
				CLANG_WARN_ENUM_CONVERSION = YES;
				CLANG_WARN_INFINITE_RECURSION = YES;
				CLANG_WARN_INT_CONVERSION = YES;
				CLANG_WARN_NON_LITERAL_NULL_CONVERSION = YES;
				CLANG_WARN_OBJC_IMPLICIT_RETAIN_SELF = YES;
				CLANG_WARN_OBJC_LITERAL_CONVERSION = YES;
				CLANG_WARN_OBJC_ROOT_CLASS = YES_ERROR;
				CLANG_WARN_QUOTED_INCLUDE_IN_FRAMEWORK_HEADER = YES;
				CLANG_WARN_RANGE_LOOP_ANALYSIS = YES;
				CLANG_WARN_STRICT_PROTOTYPES = YES;
				CLANG_WARN_SUSPICIOUS_MOVE = YES;
				CLANG_WARN_UNGUARDED_AVAILABILITY = YES_AGGRESSIVE;
				CLANG_WARN_UNREACHABLE_CODE = YES;
				CLANG_WARN__DUPLICATE_METHOD_MATCH = YES;
				COPY_PHASE_STRIP = NO;
				DEBUG_INFORMATION_FORMAT = "dwarf-with-dsym";
				ENABLE_NS_ASSERTIONS = NO;
				ENABLE_STRICT_OBJC_MSGSEND = YES;
				GCC_C_LANGUAGE_STANDARD = gnu11;
				GCC_NO_COMMON_BLOCKS = YES;
				GCC_WARN_64_TO_32_BIT_CONVERSION = YES;
				GCC_WARN_ABOUT_RETURN_TYPE = YES_ERROR;
				GCC_WARN_UNDECLARED_SELECTOR = YES;
				GCC_WARN_UNINITIALIZED_AUTOS = YES_AGGRESSIVE;
				GCC_WARN_UNUSED_FUNCTION = YES;
				GCC_WARN_UNUSED_VARIABLE = YES;
				IPHONEOS_DEPLOYMENT_TARGET = 16.1;
				MTL_ENABLE_DEBUG_INFO = NO;
				MTL_FAST_MATH = YES;
				SDKROOT = iphoneos;
				SWIFT_COMPILATION_MODE = wholemodule;
				SWIFT_OPTIMIZATION_LEVEL = "-O";
				VALIDATE_PRODUCT = YES;
			};
			name = Release;
		};
		C56B57EA2937B0D400678C16 /* Debug */ = {
			isa = XCBuildConfiguration;
			baseConfigurationReference = 6B0D0241B0A116E88E8F909F /* Pods-KerdoIndexTRAINER.debug.xcconfig */;
			buildSettings = {
				ASSETCATALOG_COMPILER_APPICON_NAME = AppIcon;
				ASSETCATALOG_COMPILER_GLOBAL_ACCENT_COLOR_NAME = AccentColor;
				CODE_SIGN_IDENTITY = "Apple Development";
				CODE_SIGN_STYLE = Automatic;
				CURRENT_PROJECT_VERSION = 100;
				DEVELOPMENT_TEAM = 6D3HJY6B2F;
				GENERATE_INFOPLIST_FILE = YES;
				HEADER_SEARCH_PATHS = (
					"$(inherited)",
					"\"${PODS_CONFIGURATION_BUILD_DIR}/AppAuth/AppAuth.framework/Headers\"",
					"\"${PODS_CONFIGURATION_BUILD_DIR}/Charts/Charts.framework/Headers\"",
					"\"${PODS_CONFIGURATION_BUILD_DIR}/GTMAppAuth/GTMAppAuth.framework/Headers\"",
					"\"${PODS_CONFIGURATION_BUILD_DIR}/GTMSessionFetcher/GTMSessionFetcher.framework/Headers\"",
					"\"${PODS_CONFIGURATION_BUILD_DIR}/GoogleSignIn/GoogleSignIn.framework/Headers\"",
					"\"${PODS_CONFIGURATION_BUILD_DIR}/IQKeyboardManagerSwift/IQKeyboardManagerSwift.framework/Headers\"",
					"\"${PODS_CONFIGURATION_BUILD_DIR}/ReachabilitySwift/Reachability.framework/Headers\"",
					"\"${PODS_CONFIGURATION_BUILD_DIR}/SwiftAlgorithms/Algorithms.framework/Headers\"",
					"\"${PODS_ROOT}/Headers/Public\"",
				);
				INFOPLIST_FILE = KerdoIndexTRAINER/Info.plist;
				INFOPLIST_KEY_CFBundleDisplayName = KerdoIndexTRAINER;
				INFOPLIST_KEY_LSApplicationCategoryType = "public.app-category.sports";
				INFOPLIST_KEY_UIApplicationSupportsIndirectInputEvents = YES;
				INFOPLIST_KEY_UILaunchStoryboardName = LaunchScreen;
				INFOPLIST_KEY_UIMainStoryboardFile = Main;
				INFOPLIST_KEY_UISupportedInterfaceOrientations = UIInterfaceOrientationPortrait;
				INFOPLIST_KEY_UISupportedInterfaceOrientations_iPad = "UIInterfaceOrientationLandscapeLeft UIInterfaceOrientationLandscapeRight UIInterfaceOrientationPortrait UIInterfaceOrientationPortraitUpsideDown";
				IPHONEOS_DEPLOYMENT_TARGET = 14.0;
				LD_RUNPATH_SEARCH_PATHS = (
					"$(inherited)",
					"@executable_path/Frameworks",
				);
				MARKETING_VERSION = 0.9.1;
				PRODUCT_BUNDLE_IDENTIFIER = ru.amed.KerdoIndexTRAINER;
				PRODUCT_NAME = "$(TARGET_NAME)";
				PROVISIONING_PROFILE_SPECIFIER = "";
				SUPPORTED_PLATFORMS = "iphoneos iphonesimulator";
				SUPPORTS_MACCATALYST = NO;
				SUPPORTS_MAC_DESIGNED_FOR_IPHONE_IPAD = NO;
				SWIFT_EMIT_LOC_STRINGS = YES;
				SWIFT_OBJC_BRIDGING_HEADER = "";
				SWIFT_VERSION = 5.0;
				TARGETED_DEVICE_FAMILY = "1,2";
			};
			name = Debug;
		};
		C56B57EB2937B0D400678C16 /* Release */ = {
			isa = XCBuildConfiguration;
			baseConfigurationReference = 1B92AE122A1C64B242EC073A /* Pods-KerdoIndexTRAINER.release.xcconfig */;
			buildSettings = {
				ASSETCATALOG_COMPILER_APPICON_NAME = AppIcon;
				ASSETCATALOG_COMPILER_GLOBAL_ACCENT_COLOR_NAME = AccentColor;
				CODE_SIGN_IDENTITY = "Apple Development";
				CODE_SIGN_STYLE = Automatic;
				CURRENT_PROJECT_VERSION = 100;
				DEVELOPMENT_TEAM = 6D3HJY6B2F;
				GENERATE_INFOPLIST_FILE = YES;
				HEADER_SEARCH_PATHS = (
					"$(inherited)",
					"\"${PODS_CONFIGURATION_BUILD_DIR}/AppAuth/AppAuth.framework/Headers\"",
					"\"${PODS_CONFIGURATION_BUILD_DIR}/Charts/Charts.framework/Headers\"",
					"\"${PODS_CONFIGURATION_BUILD_DIR}/GTMAppAuth/GTMAppAuth.framework/Headers\"",
					"\"${PODS_CONFIGURATION_BUILD_DIR}/GTMSessionFetcher/GTMSessionFetcher.framework/Headers\"",
					"\"${PODS_CONFIGURATION_BUILD_DIR}/GoogleSignIn/GoogleSignIn.framework/Headers\"",
					"\"${PODS_CONFIGURATION_BUILD_DIR}/IQKeyboardManagerSwift/IQKeyboardManagerSwift.framework/Headers\"",
					"\"${PODS_CONFIGURATION_BUILD_DIR}/ReachabilitySwift/Reachability.framework/Headers\"",
					"\"${PODS_CONFIGURATION_BUILD_DIR}/SwiftAlgorithms/Algorithms.framework/Headers\"",
					"\"${PODS_ROOT}/Headers/Public\"",
				);
				INFOPLIST_FILE = KerdoIndexTRAINER/Info.plist;
				INFOPLIST_KEY_CFBundleDisplayName = KerdoIndexTRAINER;
				INFOPLIST_KEY_LSApplicationCategoryType = "public.app-category.sports";
				INFOPLIST_KEY_UIApplicationSupportsIndirectInputEvents = YES;
				INFOPLIST_KEY_UILaunchStoryboardName = LaunchScreen;
				INFOPLIST_KEY_UIMainStoryboardFile = Main;
				INFOPLIST_KEY_UISupportedInterfaceOrientations = UIInterfaceOrientationPortrait;
				INFOPLIST_KEY_UISupportedInterfaceOrientations_iPad = "UIInterfaceOrientationLandscapeLeft UIInterfaceOrientationLandscapeRight UIInterfaceOrientationPortrait UIInterfaceOrientationPortraitUpsideDown";
				IPHONEOS_DEPLOYMENT_TARGET = 14.0;
				LD_RUNPATH_SEARCH_PATHS = (
					"$(inherited)",
					"@executable_path/Frameworks",
				);
				MARKETING_VERSION = 0.9.1;
				PRODUCT_BUNDLE_IDENTIFIER = ru.amed.KerdoIndexTRAINER;
				PRODUCT_NAME = "$(TARGET_NAME)";
				PROVISIONING_PROFILE_SPECIFIER = "";
				SUPPORTED_PLATFORMS = "iphoneos iphonesimulator";
				SUPPORTS_MACCATALYST = NO;
				SUPPORTS_MAC_DESIGNED_FOR_IPHONE_IPAD = NO;
				SWIFT_EMIT_LOC_STRINGS = YES;
				SWIFT_OBJC_BRIDGING_HEADER = "";
				SWIFT_VERSION = 5.0;
				TARGETED_DEVICE_FAMILY = "1,2";
			};
			name = Release;
		};
/* End XCBuildConfiguration section */

/* Begin XCConfigurationList section */
		C56B57CD2937B0D300678C16 /* Build configuration list for PBXProject "KerdoIndexTRAINER" */ = {
			isa = XCConfigurationList;
			buildConfigurations = (
				C56B57E72937B0D400678C16 /* Debug */,
				C56B57E82937B0D400678C16 /* Release */,
			);
			defaultConfigurationIsVisible = 0;
			defaultConfigurationName = Release;
		};
		C56B57E92937B0D400678C16 /* Build configuration list for PBXNativeTarget "KerdoIndexTRAINER" */ = {
			isa = XCConfigurationList;
			buildConfigurations = (
				C56B57EA2937B0D400678C16 /* Debug */,
				C56B57EB2937B0D400678C16 /* Release */,
			);
			defaultConfigurationIsVisible = 0;
			defaultConfigurationName = Release;
		};
/* End XCConfigurationList section */

/* Begin XCVersionGroup section */
		C56B57DE2937B0D300678C16 /* KerdoIndexTRAINER.xcdatamodeld */ = {
			isa = XCVersionGroup;
			children = (
				C56B57DF2937B0D300678C16 /* KerdoIndexTRAINER.xcdatamodel */,
			);
			currentVersion = C56B57DF2937B0D300678C16 /* KerdoIndexTRAINER.xcdatamodel */;
			path = KerdoIndexTRAINER.xcdatamodeld;
			sourceTree = "<group>";
			versionGroupType = wrapper.xcdatamodel;
		};
/* End XCVersionGroup section */
	};
	rootObject = C56B57CA2937B0D300678C16 /* Project object */;
}
